
Microsoft Visual Studio Solution File, Format Version 12.00
# Visual Studio Version 17
VisualStudioVersion = 17.2.32616.157
MinimumVisualStudioVersion = 10.0.40219.1
Project("{FAE04EC0-301F-11D3-BF4B-00C04F79EFBC}") = "Mr Real Estate", "Mr Real Estate\Mr Real Estate.csproj", "{1900CF51-EB11-435E-9B85-4482915A4AF2}"
EndProject
Global
	GlobalSection(SolutionConfigurationPlatforms) = preSolution
		Debug|Any CPU = Debug|Any CPU
		Release|Any CPU = Release|Any CPU
	EndGlobalSection
	GlobalSection(ProjectConfigurationPlatforms) = postSolution
		{1900CF51-EB11-435E-9B85-4482915A4AF2}.Debug|Any CPU.ActiveCfg = Debug|Any CPU
		{1900CF51-EB11-435E-9B85-4482915A4AF2}.Debug|Any CPU.Build.0 = Debug|Any CPU
		{1900CF51-EB11-435E-9B85-4482915A4AF2}.Release|Any CPU.ActiveCfg = Release|Any CPU
		{1900CF51-EB11-435E-9B85-4482915A4AF2}.Release|Any CPU.Build.0 = Release|Any CPU
	EndGlobalSection
	GlobalSection(SolutionProperties) = preSolution
		HideSolutionNode = FALSE
	EndGlobalSection
	GlobalSection(ExtensibilityGlobals) = postSolution
		SolutionGuid = {31BDE140-2A90-4A71-8C58-5D5360561B16}
	EndGlobalSection
EndGlobal
